Microsoft Visual Studio Solution File, Format Version 12.00
# Visual Studio Version 17
VisualStudioVersion = 17.0.31611.283
MinimumVisualStudioVersion = 10.0.40219.1
Project("{9A19103F-16F7-4668-BE54-9A1E7A4F7556}") = "EventLogExpert", "EventLogExpert\EventLogExpert.csproj", "{4AF4EFE3-97D4-42BA-8026-595ED9A9F3AE}"
EndProject
Project("{9A19103F-16F7-4668-BE54-9A1E7A4F7556}") = "EventLogExpert.Store", "EventLogExpert.Store\EventLogExpert.Store.csproj", "{B7040C3F-2FFF-4ABF-8F67-2F03D3BEDDB3}"
EndProject
Project("{9A19103F-16F7-4668-BE54-9A1E7A4F7556}") = "EventLogExpert.Library", "EventLogExpert.Library\EventLogExpert.Library.csproj", "{2524E3CE-D95D-4C70-9614-47906411FBD7}"
EndProject
Project("{2150E333-8FDC-42A3-9474-1A3956D46DE8}") = "Solution Items", "Solution Items", "{5F157DE7-62EB-4577-834B-58EA31AEC78B}"
	ProjectSection(SolutionItems) = preProject
		.editorconfig = .editorconfig
	EndProjectSection
EndProject
Project("{9A19103F-16F7-4668-BE54-9A1E7A4F7556}") = "EventLogExpert.Test", "EventLogExpert.Test\EventLogExpert.Test.csproj", "{E5D3A2A2-6001-452F-8ECE-7263D72C9438}"
EndProject
Global
	GlobalSection(SolutionConfigurationPlatforms) = preSolution
		Debug|Any CPU = Debug|Any CPU
		Release|Any CPU = Release|Any CPU
	EndGlobalSection
	GlobalSection(ProjectConfigurationPlatforms) = postSolution
		{4AF4EFE3-97D4-42BA-8026-595ED9A9F3AE}.Debug|Any CPU.ActiveCfg = Debug|Any CPU
		{4AF4EFE3-97D4-42BA-8026-595ED9A9F3AE}.Debug|Any CPU.Build.0 = Debug|Any CPU
		{4AF4EFE3-97D4-42BA-8026-595ED9A9F3AE}.Debug|Any CPU.Deploy.0 = Debug|Any CPU
		{4AF4EFE3-97D4-42BA-8026-595ED9A9F3AE}.Release|Any CPU.ActiveCfg = Release|Any CPU
		{4AF4EFE3-97D4-42BA-8026-595ED9A9F3AE}.Release|Any CPU.Build.0 = Release|Any CPU
		{4AF4EFE3-97D4-42BA-8026-595ED9A9F3AE}.Release|Any CPU.Deploy.0 = Release|Any CPU
		{B7040C3F-2FFF-4ABF-8F67-2F03D3BEDDB3}.Debug|Any CPU.ActiveCfg = Debug|Any CPU
		{B7040C3F-2FFF-4ABF-8F67-2F03D3BEDDB3}.Debug|Any CPU.Build.0 = Debug|Any CPU
		{B7040C3F-2FFF-4ABF-8F67-2F03D3BEDDB3}.Release|Any CPU.ActiveCfg = Release|Any CPU
		{B7040C3F-2FFF-4ABF-8F67-2F03D3BEDDB3}.Release|Any CPU.Build.0 = Release|Any CPU
		{2524E3CE-D95D-4C70-9614-47906411FBD7}.Debug|Any CPU.ActiveCfg = Debug|Any CPU
		{2524E3CE-D95D-4C70-9614-47906411FBD7}.Debug|Any CPU.Build.0 = Debug|Any CPU
		{2524E3CE-D95D-4C70-9614-47906411FBD7}.Release|Any CPU.ActiveCfg = Release|Any CPU
		{2524E3CE-D95D-4C70-9614-47906411FBD7}.Release|Any CPU.Build.0 = Release|Any CPU
		{E5D3A2A2-6001-452F-8ECE-7263D72C9438}.Debug|Any CPU.ActiveCfg = Debug|Any CPU
		{E5D3A2A2-6001-452F-8ECE-7263D72C9438}.Debug|Any CPU.Build.0 = Debug|Any CPU
		{E5D3A2A2-6001-452F-8ECE-7263D72C9438}.Release|Any CPU.ActiveCfg = Release|Any CPU
		{E5D3A2A2-6001-452F-8ECE-7263D72C9438}.Release|Any CPU.Build.0 = Release|Any CPU
	EndGlobalSection
	GlobalSection(SolutionProperties) = preSolution
		HideSolutionNode = FALSE
	EndGlobalSection
	GlobalSection(ExtensibilityGlobals) = postSolution
		SolutionGuid = {61F7FB11-1E47-470C-91E2-47F8143E1572}
	EndGlobalSection
EndGlobal
